
Microsoft Visual Studio Solution File, Format Version 12.00
# Visual Studio Version 16
VisualStudioVersion = 16.0.31613.86
MinimumVisualStudioVersion = 10.0.40219.1
Project("{8BC9CEB8-8B4A-11D0-8D11-00A0C91BC942}") = "flexemu", "src\flexemu.vcxproj", "{0D8A2B58-3226-4B7F-A0F5-799A024CF92F}"
	ProjectSection(ProjectDependencies) = postProject
		{7BFFAB44-07C1-4241-BD01-3080DFBC5BA8} = {7BFFAB44-07C1-4241-BD01-3080DFBC5BA8}
	EndProjectSection
EndProject
Project("{8BC9CEB8-8B4A-11D0-8D11-00A0C91BC942}") = "flexplorer", "src\flexplorer.vcxproj", "{F25D3632-E44A-4251-8D56-05A2862D756D}"
	ProjectSection(ProjectDependencies) = postProject
		{7BFFAB44-07C1-4241-BD01-3080DFBC5BA8} = {7BFFAB44-07C1-4241-BD01-3080DFBC5BA8}
	EndProjectSection
EndProject
Project("{8BC9CEB8-8B4A-11D0-8D11-00A0C91BC942}") = "mdcrtool", "src\mdcrtool.vcxproj", "{F88CDD6D-884A-44C5-96CC-3D6611F7EFC7}"
	ProjectSection(ProjectDependencies) = postProject
		{7BFFAB44-07C1-4241-BD01-3080DFBC5BA8} = {7BFFAB44-07C1-4241-BD01-3080DFBC5BA8}
	EndProjectSection
EndProject
Project("{8BC9CEB8-8B4A-11D0-8D11-00A0C91BC942}") = "flex2hex", "src\flex2hex.vcxproj", "{7A5D7EF0-6DEC-11E9-98A8-74D435819D39}"
	ProjectSection(ProjectDependencies) = postProject
		{7BFFAB44-07C1-4241-BD01-3080DFBC5BA8} = {7BFFAB44-07C1-4241-BD01-3080DFBC5BA8}
	EndProjectSection
EndProject
Project("{8BC9CEB8-8B4A-11D0-8D11-00A0C91BC942}") = "hex2flex", "src\hex2flex.vcxproj", "{6BF85920-002A-470C-9CE2-04ED2B4112B8}"
	ProjectSection(ProjectDependencies) = postProject
		{7BFFAB44-07C1-4241-BD01-3080DFBC5BA8} = {7BFFAB44-07C1-4241-BD01-3080DFBC5BA8}
	EndProjectSection
EndProject
Project("{8BC9CEB8-8B4A-11D0-8D11-00A0C91BC942}") = "dsktool", "src\dsktool.vcxproj", "{0CBBB9FE-8279-433B-B4E6-35D33A842FB4}"
	ProjectSection(ProjectDependencies) = postProject
		{7BFFAB44-07C1-4241-BD01-3080DFBC5BA8} = {7BFFAB44-07C1-4241-BD01-3080DFBC5BA8}
	EndProjectSection
EndProject
Project("{8BC9CEB8-8B4A-11D0-8D11-00A0C91BC942}") = "libflex", "src\libflex.vcxproj", "{87BF512F-3F2D-4FFD-A848-3B967BA54EDA}"
	ProjectSection(ProjectDependencies) = postProject
		{7BFFAB44-07C1-4241-BD01-3080DFBC5BA8} = {7BFFAB44-07C1-4241-BD01-3080DFBC5BA8}
	EndProjectSection
EndProject
Project("{8BC9CEB8-8B4A-11D0-8D11-00A0C91BC942}") = "libfmt", "src\libfmt.vcxproj", "{7BFFAB44-07C1-4241-BD01-3080DFBC5BA8}"
EndProject
Global
	GlobalSection(SolutionConfigurationPlatforms) = preSolution
		Debug|Win32 = Debug|Win32
		Debug|x64 = Debug|x64
		Release|Win32 = Release|Win32
		Release|x64 = Release|x64
	EndGlobalSection
	GlobalSection(ProjectConfigurationPlatforms) = postSolution
		{0D8A2B58-3226-4B7F-A0F5-799A024CF92F}.Debug|Win32.ActiveCfg = Debug|Win32
		{0D8A2B58-3226-4B7F-A0F5-799A024CF92F}.Debug|Win32.Build.0 = Debug|Win32
		{0D8A2B58-3226-4B7F-A0F5-799A024CF92F}.Debug|x64.ActiveCfg = Debug|x64
		{0D8A2B58-3226-4B7F-A0F5-799A024CF92F}.Debug|x64.Build.0 = Debug|x64
		{0D8A2B58-3226-4B7F-A0F5-799A024CF92F}.Release|Win32.ActiveCfg = Release|Win32
		{0D8A2B58-3226-4B7F-A0F5-799A024CF92F}.Release|Win32.Build.0 = Release|Win32
		{0D8A2B58-3226-4B7F-A0F5-799A024CF92F}.Release|x64.ActiveCfg = Release|x64
		{0D8A2B58-3226-4B7F-A0F5-799A024CF92F}.Release|x64.Build.0 = Release|x64
		{F25D3632-E44A-4251-8D56-05A2862D756D}.Debug|Win32.ActiveCfg = Debug|Win32
		{F25D3632-E44A-4251-8D56-05A2862D756D}.Debug|Win32.Build.0 = Debug|Win32
		{F25D3632-E44A-4251-8D56-05A2862D756D}.Debug|x64.ActiveCfg = Debug|x64
		{F25D3632-E44A-4251-8D56-05A2862D756D}.Debug|x64.Build.0 = Debug|x64
		{F25D3632-E44A-4251-8D56-05A2862D756D}.Release|Win32.ActiveCfg = Release|Win32
		{F25D3632-E44A-4251-8D56-05A2862D756D}.Release|Win32.Build.0 = Release|Win32
		{F25D3632-E44A-4251-8D56-05A2862D756D}.Release|x64.ActiveCfg = Release|x64
		{F25D3632-E44A-4251-8D56-05A2862D756D}.Release|x64.Build.0 = Release|x64
		{F88CDD6D-884A-44C5-96CC-3D6611F7EFC7}.Debug|Win32.ActiveCfg = Debug|Win32
		{F88CDD6D-884A-44C5-96CC-3D6611F7EFC7}.Debug|Win32.Build.0 = Debug|Win32
		{F88CDD6D-884A-44C5-96CC-3D6611F7EFC7}.Debug|x64.ActiveCfg = Debug|x64
		{F88CDD6D-884A-44C5-96CC-3D6611F7EFC7}.Debug|x64.Build.0 = Debug|x64
		{F88CDD6D-884A-44C5-96CC-3D6611F7EFC7}.Release|Win32.ActiveCfg = Release|Win32
		{F88CDD6D-884A-44C5-96CC-3D6611F7EFC7}.Release|Win32.Build.0 = Release|Win32
		{F88CDD6D-884A-44C5-96CC-3D6611F7EFC7}.Release|x64.ActiveCfg = Release|x64
		{F88CDD6D-884A-44C5-96CC-3D6611F7EFC7}.Release|x64.Build.0 = Release|x64
		{7A5D7EF0-6DEC-11E9-98A8-74D435819D39}.Debug|Win32.ActiveCfg = Debug|Win32
		{7A5D7EF0-6DEC-11E9-98A8-74D435819D39}.Debug|Win32.Build.0 = Debug|Win32
		{7A5D7EF0-6DEC-11E9-98A8-74D435819D39}.Debug|x64.ActiveCfg = Debug|x64
		{7A5D7EF0-6DEC-11E9-98A8-74D435819D39}.Debug|x64.Build.0 = Debug|x64
		{7A5D7EF0-6DEC-11E9-98A8-74D435819D39}.Release|Win32.ActiveCfg = Release|Win32
		{7A5D7EF0-6DEC-11E9-98A8-74D435819D39}.Release|Win32.Build.0 = Release|Win32
		{7A5D7EF0-6DEC-11E9-98A8-74D435819D39}.Release|x64.ActiveCfg = Release|x64
		{7A5D7EF0-6DEC-11E9-98A8-74D435819D39}.Release|x64.Build.0 = Release|x64
		{6BF85920-002A-470C-9CE2-04ED2B4112B8}.Debug|Win32.ActiveCfg = Debug|Win32
		{6BF85920-002A-470C-9CE2-04ED2B4112B8}.Debug|Win32.Build.0 = Debug|Win32
		{6BF85920-002A-470C-9CE2-04ED2B4112B8}.Debug|x64.ActiveCfg = Debug|x64
		{6BF85920-002A-470C-9CE2-04ED2B4112B8}.Debug|x64.Build.0 = Debug|x64
		{6BF85920-002A-470C-9CE2-04ED2B4112B8}.Release|Win32.ActiveCfg = Release|Win32
		{6BF85920-002A-470C-9CE2-04ED2B4112B8}.Release|Win32.Build.0 = Release|Win32
		{6BF85920-002A-470C-9CE2-04ED2B4112B8}.Release|x64.ActiveCfg = Release|x64
		{6BF85920-002A-470C-9CE2-04ED2B4112B8}.Release|x64.Build.0 = Release|x64
		{0CBBB9FE-8279-433B-B4E6-35D33A842FB4}.Debug|Win32.ActiveCfg = Debug|Win32
		{0CBBB9FE-8279-433B-B4E6-35D33A842FB4}.Debug|Win32.Build.0 = Debug|Win32
		{0CBBB9FE-8279-433B-B4E6-35D33A842FB4}.Debug|x64.ActiveCfg = Debug|x64
		{0CBBB9FE-8279-433B-B4E6-35D33A842FB4}.Debug|x64.Build.0 = Debug|x64
		{0CBBB9FE-8279-433B-B4E6-35D33A842FB4}.Release|Win32.ActiveCfg = Release|Win32
		{0CBBB9FE-8279-433B-B4E6-35D33A842FB4}.Release|Win32.Build.0 = Release|Win32
		{0CBBB9FE-8279-433B-B4E6-35D33A842FB4}.Release|x64.ActiveCfg = Release|x64
		{0CBBB9FE-8279-433B-B4E6-35D33A842FB4}.Release|x64.Build.0 = Release|x64
		{87BF512F-3F2D-4FFD-A848-3B967BA54EDA}.Debug|Win32.ActiveCfg = Debug|Win32
		{87BF512F-3F2D-4FFD-A848-3B967BA54EDA}.Debug|Win32.Build.0 = Debug|Win32
		{87BF512F-3F2D-4FFD-A848-3B967BA54EDA}.Debug|x64.ActiveCfg = Debug|x64
		{87BF512F-3F2D-4FFD-A848-3B967BA54EDA}.Debug|x64.Build.0 = Debug|x64
		{87BF512F-3F2D-4FFD-A848-3B967BA54EDA}.Release|Win32.ActiveCfg = Release|Win32
		{87BF512F-3F2D-4FFD-A848-3B967BA54EDA}.Release|Win32.Build.0 = Release|Win32
		{87BF512F-3F2D-4FFD-A848-3B967BA54EDA}.Release|x64.ActiveCfg = Release|x64
		{87BF512F-3F2D-4FFD-A848-3B967BA54EDA}.Release|x64.Build.0 = Release|x64
		{7BFFAB44-07C1-4241-BD01-3080DFBC5BA8}.Debug|Win32.ActiveCfg = Debug|Win32
		{7BFFAB44-07C1-4241-BD01-3080DFBC5BA8}.Debug|Win32.Build.0 = Debug|Win32
		{7BFFAB44-07C1-4241-BD01-3080DFBC5BA8}.Debug|x64.ActiveCfg = Debug|x64
		{7BFFAB44-07C1-4241-BD01-3080DFBC5BA8}.Debug|x64.Build.0 = Debug|x64
		{7BFFAB44-07C1-4241-BD01-3080DFBC5BA8}.Release|Win32.ActiveCfg = Release|Win32
		{7BFFAB44-07C1-4241-BD01-3080DFBC5BA8}.Release|Win32.Build.0 = Release|Win32
		{7BFFAB44-07C1-4241-BD01-3080DFBC5BA8}.Release|x64.ActiveCfg = Release|x64
		{7BFFAB44-07C1-4241-BD01-3080DFBC5BA8}.Release|x64.Build.0 = Release|x64
	EndGlobalSection
	GlobalSection(SolutionProperties) = preSolution
		HideSolutionNode = FALSE
	EndGlobalSection
	GlobalSection(ExtensibilityGlobals) = postSolution
		SolutionGuid = {A902A6A4-9CB0-48FA-A3B1-9F9DCBD60089}
	EndGlobalSection
EndGlobal
