<?xml version="1.0" encoding="utf-8"?>
<Project ToolsVersion="4.0" xmlns="http://schemas.microsoft.com/developer/msbuild/2003">
  <ItemGroup>
    <Filter Include="Source Files">
      <UniqueIdentifier>{4FC737F1-C7A5-4376-A066-2A32D752A2FF}</UniqueIdentifier>
      <Extensions>cpp;c;cc;cxx;def;odl;idl;hpj;bat;asm;asmx</Extensions>
    </Filter>
    <Filter Include="Header Files">
      <UniqueIdentifier>{93995380-89BD-4b04-88EB-625FBE52EBFB}</UniqueIdentifier>
      <Extensions>h;hh;hpp;hxx;hm;inl;inc;xsd</Extensions>
    </Filter>
  </ItemGroup>
  <ItemGroup>
    <ClCompile Include="bfileptr.cpp">
      <Filter>Source Files</Filter>
    </ClCompile>
    <ClCompile Include="bdate.cpp">
      <Filter>Source Files</Filter>
    </ClCompile>
    <ClCompile Include="bdir.cpp">
      <Filter>Source Files</Filter>
    </ClCompile>
    <ClCompile Include="dsktool.cpp">
      <Filter>Source Files</Filter>
    </ClCompile>
    <ClCompile Include="fcinfo.cpp">
      <Filter>Source Files</Filter>
    </ClCompile>
    <ClCompile Include="fcopyman.cpp">
      <Filter>Source Files</Filter>
    </ClCompile>
    <ClCompile Include="fdirent.cpp">
      <Filter>Source Files</Filter>
    </ClCompile>
    <ClCompile Include="ffilebuf.cpp">
      <Filter>Source Files</Filter>
    </ClCompile>
    <ClCompile Include="ffilecnt.cpp">
      <Filter>Source Files</Filter>
    </ClCompile>
    <ClCompile Include="filecnts.cpp">
      <Filter>Source Files</Filter>
    </ClCompile>
    <ClCompile Include="filfschk.cpp">
      <Filter>Source Files</Filter>
    </ClCompile>
    <ClCompile Include="flexerr.cpp">
      <Filter>Source Files</Filter>
    </ClCompile>
    <ClCompile Include="idircnt.cpp">
      <Filter>Source Files</Filter>
    </ClCompile>
    <ClCompile Include="iffilcnt.cpp">
      <Filter>Source Files</Filter>
    </ClCompile>
    <ClCompile Include="ifilecnt.cpp">
      <Filter>Source Files</Filter>
    </ClCompile>
    <ClCompile Include="misc1.cpp">
      <Filter>Source Files</Filter>
    </ClCompile>
    <ClCompile Include="rfilecnt.cpp">
      <Filter>Source Files</Filter>
    </ClCompile>
    <ClCompile Include="dircont.cpp">
      <Filter>Source Files</Filter>
    </ClCompile>
  </ItemGroup>
  <ItemGroup>
    <ClInclude Include="bdate.h">
      <Filter>Header Files</Filter>
    </ClInclude>
    <ClInclude Include="bdir.h">
      <Filter>Header Files</Filter>
    </ClInclude>
    <ClInclude Include="bfileptr.h">
      <Filter>Header Files</Filter>
    </ClInclude>
    <ClInclude Include="dircont.h">
      <Filter>Header Files</Filter>
    </ClInclude>
    <ClInclude Include="ffilebuf.h">
      <Filter>Header Files</Filter>
    </ClInclude>
    <ClInclude Include="ffilecnt.h">
      <Filter>Header Files</Filter>
    </ClInclude>
    <ClInclude Include="flexerr.h">
      <Filter>Header Files</Filter>
    </ClInclude>
    <ClInclude Include="rfilecnt.h">
      <Filter>Header Files</Filter>
    </ClInclude>
    <ClInclude Include="fcinfo.h">
      <Filter>Header Files</Filter>
    </ClInclude>
    <ClInclude Include="fcopyman.h">
      <Filter>Header Files</Filter>
    </ClInclude>
    <ClInclude Include="fdirent.h">
      <Filter>Header Files</Filter>
    </ClInclude>
    <ClInclude Include="filfschk.h">
      <Filter>Header Files</Filter>
    </ClInclude>
    <ClInclude Include="idircnt.h">
      <Filter>Header Files</Filter>
    </ClInclude>
    <ClInclude Include="iffilcnt.h">
      <Filter>Header Files</Filter>
    </ClInclude>
    <ClInclude Include="ifilecnt.h">
      <Filter>Header Files</Filter>
    </ClInclude>
    <ClInclude Include="misc1.h">
      <Filter>Header Files</Filter>
    </ClInclude>
  </ItemGroup>
</Project>