<?xml version="1.0" encoding="utf-8"?>
<Project ToolsVersion="4.0" xmlns="http://schemas.microsoft.com/developer/msbuild/2003">
  <ItemGroup>
    <Filter Include="Source Files">
      <UniqueIdentifier>{4FC737F1-C7A5-4376-A066-2A32D752A2FF}</UniqueIdentifier>
      <Extensions>cpp;c;cc;cxx;def;odl;idl;hpj;bat;asm;asmx</Extensions>
    </Filter>
    <Filter Include="Header Files">
      <UniqueIdentifier>{93995380-89BD-4b04-88EB-625FBE52EBFB}</UniqueIdentifier>
      <Extensions>h;hh;hpp;hxx;hm;inl;inc;xsd</Extensions>
    </Filter>
    <Filter Include="Resource Files">
      <UniqueIdentifier>{67DA6AB6-F800-4c08-8B7A-83BB121AAD01}</UniqueIdentifier>
      <Extensions>rc;ico;cur;bmp;dlg;rc2;rct;bin;rgs;gif;jpg;jpeg;jpe;resx;tiff;tif;png;wav;mfcribbon-ms</Extensions>
    </Filter>
  </ItemGroup>
  <ItemGroup>
    <ClCompile Include="absgui.cpp">
      <Filter>Source Files</Filter>
    </ClCompile>
    <ClCompile Include="acia1.cpp">
      <Filter>Source Files</Filter>
    </ClCompile>
    <ClCompile Include="apprun.cpp">
      <Filter>Source Files</Filter>
    </ClCompile>
    <ClCompile Include="bjoystck.cpp">
      <Filter>Source Files</Filter>
    </ClCompile>
    <ClCompile Include="bui.cpp">
      <Filter>Source Files</Filter>
    </ClCompile>
    <ClCompile Include="bytereg.cpp">
      <Filter>Source Files</Filter>
    </ClCompile>
    <ClCompile Include="cacttrns.cpp">
      <Filter>Source Files</Filter>
    </ClCompile>
    <ClCompile Include="ccopymem.cpp">
      <Filter>Source Files</Filter>
    </ClCompile>
    <ClCompile Include="clogfile.cpp">
      <Filter>Source Files</Filter>
    </ClCompile>
    <ClCompile Include="colors.cpp">
      <Filter>Source Files</Filter>
    </ClCompile>
    <ClCompile Include="command.cpp">
      <Filter>Source Files</Filter>
    </ClCompile>
    <ClCompile Include="csetfreq.cpp">
      <Filter>Source Files</Filter>
    </ClCompile>
    <ClCompile Include="cwritmem.cpp">
      <Filter>Source Files</Filter>
    </ClCompile>
    <ClCompile Include="da6809.cpp">
      <Filter>Source Files</Filter>
    </ClCompile>
    <ClCompile Include="drawnwid.cpp">
      <Filter>Source Files</Filter>
    </ClCompile>
    <ClCompile Include="drisel.cpp">
      <Filter>Source Files</Filter>
    </ClCompile>
    <ClCompile Include="e2floppy.cpp">
      <Filter>Source Files</Filter>
    </ClCompile>
    <ClCompile Include="e2screen.cpp">
      <Filter>Source Files</Filter>
    </ClCompile>
    <ClCompile Include="efslctle.cpp">
      <Filter>Source Files</Filter>
    </ClCompile>
    <ClCompile Include="fdoptman.cpp">
      <Filter>Source Files</Filter>
    </ClCompile>
    <ClCompile Include="finddata.cpp">
      <Filter>Source Files</Filter>
    </ClCompile>
    <ClCompile Include="findui.cpp">
      <Filter>Source Files</Filter>
    </ClCompile>
    <ClCompile Include="flblfile.cpp">
      <Filter>Source Files</Filter>
    </ClCompile>
    <ClCompile Include="foptman.cpp">
      <Filter>Source Files</Filter>
    </ClCompile>
    <ClCompile Include="fversion.cpp">
      <Filter>Source Files</Filter>
    </ClCompile>
    <ClCompile Include="inout.cpp">
      <Filter>Source Files</Filter>
    </ClCompile>
    <ClCompile Include="iodevdbg.cpp">
      <Filter>Source Files</Filter>
    </ClCompile>
    <ClCompile Include="joystick.cpp">
      <Filter>Source Files</Filter>
    </ClCompile>
    <ClCompile Include="keyboard.cpp">
      <Filter>Source Files</Filter>
    </ClCompile>
    <ClCompile Include="logfilui.cpp">
      <Filter>Source Files</Filter>
    </ClCompile>
    <ClCompile Include="main.cpp">
      <Filter>Source Files</Filter>
    </ClCompile>
    <ClCompile Include="mc146818.cpp">
      <Filter>Source Files</Filter>
    </ClCompile>
    <ClCompile Include="mc6809.cpp">
      <Filter>Source Files</Filter>
    </ClCompile>
    <ClCompile Include="mc6809in.cpp">
      <Filter>Source Files</Filter>
    </ClCompile>
    <ClCompile Include="mc6809lg.cpp">
      <Filter>Source Files</Filter>
    </ClCompile>
    <ClCompile Include="mc6809st.cpp">
      <Filter>Source Files</Filter>
    </ClCompile>
    <ClCompile Include="mc6821.cpp">
      <Filter>Source Files</Filter>
    </ClCompile>
    <ClCompile Include="mc6850.cpp">
      <Filter>Source Files</Filter>
    </ClCompile>
    <ClCompile Include="memsetui.cpp">
      <Filter>Source Files</Filter>
    </ClCompile>
    <ClCompile Include="memwin.cpp">
      <Filter>Source Files</Filter>
    </ClCompile>
    <ClCompile Include="memwinmg.cpp">
      <Filter>Source Files</Filter>
    </ClCompile>
    <ClCompile Include="mmu.cpp">
      <Filter>Source Files</Filter>
    </ClCompile>
    <ClCompile Include="mwtedit.cpp">
      <Filter>Source Files</Filter>
    </ClCompile>
    <ClCompile Include="ndircont.cpp">
      <Filter>Source Files</Filter>
    </ClCompile>
    <ClCompile Include="pia1.cpp">
      <Filter>Source Files</Filter>
    </ClCompile>
    <ClCompile Include="pia2.cpp">
      <Filter>Source Files</Filter>
    </ClCompile>
    <ClCompile Include="pia2v5.cpp">
      <Filter>Source Files</Filter>
    </ClCompile>
    <ClCompile Include="schedule.cpp">
      <Filter>Source Files</Filter>
    </ClCompile>
    <ClCompile Include="sodiff.cpp">
      <Filter>Source Files</Filter>
    </ClCompile>
    <ClCompile Include="soptions.cpp">
      <Filter>Source Files</Filter>
    </ClCompile>
    <ClCompile Include="terminal.cpp">
      <Filter>Source Files</Filter>
    </ClCompile>
    <ClCompile Include="vico1.cpp">
      <Filter>Source Files</Filter>
    </ClCompile>
    <ClCompile Include="vico2.cpp">
      <Filter>Source Files</Filter>
    </ClCompile>
    <ClCompile Include="wd1793.cpp">
      <Filter>Source Files</Filter>
    </ClCompile>
    <ClCompile Include="wingtopt.cpp">
      <Filter>Source Files</Filter>
    </ClCompile>
    <ClCompile Include="winmain.cpp">
      <Filter>Source Files</Filter>
    </ClCompile>
    <ClCompile Include="brkptui.cpp">
      <Filter>Source Files</Filter>
    </ClCompile>
    <ClCompile Include="fsetupui.cpp">
      <Filter>Source Files</Filter>
    </ClCompile>
    <ClCompile Include="qtfree.cpp">
      <Filter>Source Files</Filter>
    </ClCompile>
    <ClCompile Include="qtgui.cpp">
      <Filter>Source Files</Filter>
    </ClCompile>
    <ClCompile Include="pch.cpp">
      <Filter>Source Files</Filter>
    </ClCompile>
    <ClCompile Include="pagedet.cpp">
      <Filter>Source Files</Filter>
    </ClCompile>
    <ClCompile Include="pagedetd.cpp">
      <Filter>Source Files</Filter>
    </ClCompile>
    <ClCompile Include="poutwin.cpp">
      <Filter>Source Files</Filter>
    </ClCompile>
    <ClCompile Include="poverhlp.cpp">
      <Filter>Source Files</Filter>
    </ClCompile>
    <ClCompile Include="termimpc.cpp">
      <Filter>Source Files</Filter>
    </ClCompile>
    <ClCompile Include="termimpd.cpp">
      <Filter>Source Files</Filter>
    </ClCompile>
    <ClCompile Include="termimpf.cpp">
      <Filter>Source Files</Filter>
    </ClCompile>
    <ClCompile Include="termimps.cpp">
      <Filter>Source Files</Filter>
    </ClCompile>
    <ClCompile Include="tstdev.cpp">
      <Filter>Source Files</Filter>
    </ClCompile>
  </ItemGroup>
  <ItemGroup>
    <ResourceCompile Include="flexemu.rc">
      <Filter>Resource Files</Filter>
    </ResourceCompile>
  </ItemGroup>
  <ItemGroup>
    <Image Include="bitmaps\flexemu.ico">
      <Filter>Resource Files</Filter>
    </Image>
  </ItemGroup>
  <ItemGroup>
    <ClInclude Include="asciictl.h">
      <Filter>Header Files</Filter>
    </ClInclude>
    <ClInclude Include="absdisas.h">
      <Filter>Header Files</Filter>
    </ClInclude>
    <ClInclude Include="absgui.h">
      <Filter>Header Files</Filter>
    </ClInclude>
    <ClInclude Include="acia1.h">
      <Filter>Header Files</Filter>
    </ClInclude>
    <ClInclude Include="apprun.h">
      <Filter>Header Files</Filter>
    </ClInclude>
    <ClInclude Include="bcommand.h">
      <Filter>Header Files</Filter>
    </ClInclude>
    <ClInclude Include="bdate.h">
      <Filter>Header Files</Filter>
    </ClInclude>
    <ClInclude Include="bdir.h">
      <Filter>Header Files</Filter>
    </ClInclude>
    <ClInclude Include="benv.h">
      <Filter>Header Files</Filter>
    </ClInclude>
    <ClInclude Include="binifile.h">
      <Filter>Header Files</Filter>
    </ClInclude>
    <ClInclude Include="bintervl.h">
      <Filter>Header Files</Filter>
    </ClInclude>
    <ClInclude Include="bitops.h">
      <Filter>Header Files</Filter>
    </ClInclude>
    <ClInclude Include="bjoystck.h">
      <Filter>Header Files</Filter>
    </ClInclude>
    <ClInclude Include="bmembuf.h">
      <Filter>Header Files</Filter>
    </ClInclude>
    <ClInclude Include="bmp.h">
      <Filter>Header Files</Filter>
    </ClInclude>
    <ClInclude Include="bobserv.h">
      <Filter>Header Files</Filter>
    </ClInclude>
    <ClInclude Include="bobservd.h">
      <Filter>Header Files</Filter>
    </ClInclude>
    <ClInclude Include="bobshelp.h">
      <Filter>Header Files</Filter>
    </ClInclude>
    <ClInclude Include="brcfile.h">
      <Filter>Header Files</Filter>
    </ClInclude>
    <ClInclude Include="bregistr.h">
      <Filter>Header Files</Filter>
    </ClInclude>
    <ClInclude Include="bscopeex.h">
      <Filter>Header Files</Filter>
    </ClInclude>
    <ClInclude Include="btime.h">
      <Filter>Header Files</Filter>
    </ClInclude>
    <ClInclude Include="bui.h">
      <Filter>Header Files</Filter>
    </ClInclude>
    <ClInclude Include="bytereg.h">
      <Filter>Header Files</Filter>
    </ClInclude>
    <ClInclude Include="cacttrns.h">
      <Filter>Header Files</Filter>
    </ClInclude>
    <ClInclude Include="ccopymem.h">
      <Filter>Header Files</Filter>
    </ClInclude>
    <ClInclude Include="cistring.h">
      <Filter>Header Files</Filter>
    </ClInclude>
    <ClInclude Include="clogfile.h">
      <Filter>Header Files</Filter>
    </ClInclude>
    <ClInclude Include="colors.h">
      <Filter>Header Files</Filter>
    </ClInclude>
    <ClInclude Include="command.h">
      <Filter>Header Files</Filter>
    </ClInclude>
    <ClInclude Include="confignt.h">
      <Filter>Header Files</Filter>
    </ClInclude>
    <ClInclude Include="cpustate.h">
      <Filter>Header Files</Filter>
    </ClInclude>
    <ClInclude Include="crc.h">
      <Filter>Header Files</Filter>
    </ClInclude>
    <ClInclude Include="csetfreq.h">
      <Filter>Header Files</Filter>
    </ClInclude>
    <ClInclude Include="cvtwchar.h">
      <Filter>Header Files</Filter>
    </ClInclude>
    <ClInclude Include="cwritmem.h">
      <Filter>Header Files</Filter>
    </ClInclude>
    <ClInclude Include="da6809.h">
      <Filter>Header Files</Filter>
    </ClInclude>
    <ClInclude Include="debug.h">
      <Filter>Header Files</Filter>
    </ClInclude>
    <ClInclude Include="drisel.h">
      <Filter>Header Files</Filter>
    </ClInclude>
    <ClInclude Include="e2.h">
      <Filter>Header Files</Filter>
    </ClInclude>
    <ClInclude Include="e2floppy.h">
      <Filter>Header Files</Filter>
    </ClInclude>
    <ClInclude Include="engine.h">
      <Filter>Header Files</Filter>
    </ClInclude>
    <ClInclude Include="efiletim.h">
      <Filter>Header Files</Filter>
    </ClInclude>
    <ClInclude Include="fattrib.h">
      <Filter>Header Files</Filter>
    </ClInclude>
    <ClInclude Include="fcinfo.h">
      <Filter>Header Files</Filter>
    </ClInclude>
    <ClInclude Include="fcnffile.h">
      <Filter>Header Files</Filter>
    </ClInclude>
    <ClInclude Include="fcopyman.h">
      <Filter>Header Files</Filter>
    </ClInclude>
    <ClInclude Include="fdirent.h">
      <Filter>Header Files</Filter>
    </ClInclude>
    <ClInclude Include="fdoptman.h">
      <Filter>Header Files</Filter>
    </ClInclude>
    <ClInclude Include="ffilebuf.h">
      <Filter>Header Files</Filter>
    </ClInclude>
    <ClInclude Include="ffilecnt.h">
      <Filter>Header Files</Filter>
    </ClInclude>
    <ClInclude Include="filecntb.h">
      <Filter>Header Files</Filter>
    </ClInclude>
    <ClInclude Include="filecnts.h">
      <Filter>Header Files</Filter>
    </ClInclude>
    <ClInclude Include="filecont.h">
      <Filter>Header Files</Filter>
    </ClInclude>
    <ClInclude Include="fileread.h">
      <Filter>Header Files</Filter>
    </ClInclude>
    <ClInclude Include="finddata.h">
      <Filter>Header Files</Filter>
    </ClInclude>
    <ClInclude Include="findui.h">
      <Filter>Header Files</Filter>
    </ClInclude>
    <ClInclude Include="flblfile.h">
      <Filter>Header Files</Filter>
    </ClInclude>
    <ClInclude Include="flexemu.h">
      <Filter>Header Files</Filter>
    </ClInclude>
    <ClInclude Include="flexerr.h">
      <Filter>Header Files</Filter>
    </ClInclude>
    <ClInclude Include="foptman.h">
      <Filter>Header Files</Filter>
    </ClInclude>
    <ClInclude Include="fversion.h">
      <Filter>Header Files</Filter>
    </ClInclude>
    <ClInclude Include="idircnt.h">
      <Filter>Header Files</Filter>
    </ClInclude>
    <ClInclude Include="iffilcnt.h">
      <Filter>Header Files</Filter>
    </ClInclude>
    <ClInclude Include="ifilcnti.h">
      <Filter>Header Files</Filter>
    </ClInclude>
    <ClInclude Include="ifilecnt.h">
      <Filter>Header Files</Filter>
    </ClInclude>
    <ClInclude Include="inout.h">
      <Filter>Header Files</Filter>
    </ClInclude>
    <ClInclude Include="iodevdbg.h">
      <Filter>Header Files</Filter>
    </ClInclude>
    <ClInclude Include="iodevice.h">
      <Filter>Header Files</Filter>
    </ClInclude>
    <ClInclude Include="joystick.h">
      <Filter>Header Files</Filter>
    </ClInclude>
    <ClInclude Include="keyboard.h">
      <Filter>Header Files</Filter>
    </ClInclude>
    <ClInclude Include="mc146818.h">
      <Filter>Header Files</Filter>
    </ClInclude>
    <ClInclude Include="mc6809.h">
      <Filter>Header Files</Filter>
    </ClInclude>
    <ClInclude Include="mc6809lg.h">
      <Filter>Header Files</Filter>
    </ClInclude>
    <ClInclude Include="mc6809st.h">
      <Filter>Header Files</Filter>
    </ClInclude>
    <ClInclude Include="mc6821.h">
      <Filter>Header Files</Filter>
    </ClInclude>
    <ClInclude Include="mc6850.h">
      <Filter>Header Files</Filter>
    </ClInclude>
    <ClInclude Include="mdcrtape.h">
      <Filter>Header Files</Filter>
    </ClInclude>
    <ClInclude Include="memory.h">
      <Filter>Header Files</Filter>
    </ClInclude>
    <ClInclude Include="memsrc.h">
      <Filter>Header Files</Filter>
    </ClInclude>
    <ClInclude Include="memtgt.h">
      <Filter>Header Files</Filter>
    </ClInclude>
    <ClInclude Include="memwin.h">
      <Filter>Header Files</Filter>
    </ClInclude>
    <ClInclude Include="memwinmg.h">
      <Filter>Header Files</Filter>
    </ClInclude>
    <ClInclude Include="misc1.h">
      <Filter>Header Files</Filter>
    </ClInclude>
    <ClInclude Include="mmu.h">
      <Filter>Header Files</Filter>
    </ClInclude>
    <ClInclude Include="mwtedit.h">
      <Filter>Header Files</Filter>
    </ClInclude>
    <ClInclude Include="ndircont.h">
      <Filter>Header Files</Filter>
    </ClInclude>
    <ClInclude Include="ostype.h">
      <Filter>Header Files</Filter>
    </ClInclude>
    <ClInclude Include="pia1.h">
      <Filter>Header Files</Filter>
    </ClInclude>
    <ClInclude Include="pia2.h">
      <Filter>Header Files</Filter>
    </ClInclude>
    <ClInclude Include="pia2v5.h">
      <Filter>Header Files</Filter>
    </ClInclude>
    <ClInclude Include="propsui.h">
      <Filter>Header Files</Filter>
    </ClInclude>
    <ClInclude Include="resource.h">
      <Filter>Header Files</Filter>
    </ClInclude>
    <ClInclude Include="rfilecnt.h">
      <Filter>Header Files</Filter>
    </ClInclude>
    <ClInclude Include="rndcheck.h">
      <Filter>Header Files</Filter>
    </ClInclude>
    <ClInclude Include="schedcpu.h">
      <Filter>Header Files</Filter>
    </ClInclude>
    <ClInclude Include="schedule.h">
      <Filter>Header Files</Filter>
    </ClInclude>
    <ClInclude Include="scpulog.h">
      <Filter>Header Files</Filter>
    </ClInclude>
    <ClInclude Include="sodiff.h">
      <Filter>Header Files</Filter>
    </ClInclude>
    <ClInclude Include="soptions.h">
      <Filter>Header Files</Filter>
    </ClInclude>
    <ClInclude Include="termimpc.h">
      <Filter>Header Files</Filter>
    </ClInclude>
    <ClInclude Include="termimpd.h">
      <Filter>Header Files</Filter>
    </ClInclude>
    <ClInclude Include="termimpf.h">
      <Filter>Header Files</Filter>
    </ClInclude>
    <ClInclude Include="termimpi.h">
      <Filter>Header Files</Filter>
    </ClInclude>
    <ClInclude Include="termimps.h">
      <Filter>Header Files</Filter>
    </ClInclude>
    <ClInclude Include="terminal.h">
      <Filter>Header Files</Filter>
    </ClInclude>
    <ClInclude Include="tstdev.h">
      <Filter>Header Files</Filter>
    </ClInclude>
    <ClInclude Include="typedefs.h">
      <Filter>Header Files</Filter>
    </ClInclude>
    <ClInclude Include="vico1.h">
      <Filter>Header Files</Filter>
    </ClInclude>
    <ClInclude Include="vico2.h">
      <Filter>Header Files</Filter>
    </ClInclude>
    <ClInclude Include="warnoff.h">
      <Filter>Header Files</Filter>
    </ClInclude>
    <ClInclude Include="warnon.h">
      <Filter>Header Files</Filter>
    </ClInclude>
    <ClInclude Include="wd1793.h">
      <Filter>Header Files</Filter>
    </ClInclude>
    <ClInclude Include="winctxt.h">
      <Filter>Header Files</Filter>
    </ClInclude>
    <ClInclude Include="windefs.h">
      <Filter>Header Files</Filter>
    </ClInclude>
    <ClInclude Include="wingtopt.h">
      <Filter>Header Files</Filter>
    </ClInclude>
    <ClInclude Include="winmain.h">
      <Filter>Header Files</Filter>
    </ClInclude>
    <ClInclude Include="pch.h">
      <Filter>Header Files</Filter>
    </ClInclude>
    <ClInclude Include="pagedet.h">
      <Filter>Header Files</Filter>
    </ClInclude>
    <ClInclude Include="pagedetd.h">
      <Filter>Header Files</Filter>
    </ClInclude>
    <ClInclude Include="poverhlp.h">
      <Filter>Header Files</Filter>
    </ClInclude>
    <ClInclude Include="qtfree.h">
      <Filter>Header Files</Filter>
    </ClInclude>
  </ItemGroup>
  <ItemGroup>
    <CustomBuild Include="brkptui.h">
      <Filter>Header Files</Filter>
    </CustomBuild>
    <CustomBuild Include="drawnwid.h">
      <Filter>Header Files</Filter>
    </CustomBuild>
    <CustomBuild Include="e2screen.h">
      <Filter>Header Files</Filter>
    </CustomBuild>
    <CustomBuild Include="efslctle.h">
      <Filter>Header Files</Filter>
    </CustomBuild>
    <CustomBuild Include="logfilui.h">
      <Filter>Header Files</Filter>
    </CustomBuild>
    <CustomBuild Include="memsetui.h">
      <Filter>Header Files</Filter>
    </CustomBuild>
    <CustomBuild Include="qtgui.h">
      <Filter>Header Files</Filter>
    </CustomBuild>
    <CustomBuild Include="about.ui">
      <Filter>Resource Files</Filter>
    </CustomBuild>
    <CustomBuild Include="brkpt.ui">
      <Filter>Resource Files</Filter>
    </CustomBuild>
    <CustomBuild Include="cpustat.ui">
      <Filter>Resource Files</Filter>
    </CustomBuild>
    <CustomBuild Include="flexemu.qrc">
      <Filter>Resource Files</Filter>
    </CustomBuild>
    <CustomBuild Include="fsetup.ui">
      <Filter>Resource Files</Filter>
    </CustomBuild>
    <CustomBuild Include="logfil.ui">
      <Filter>Resource Files</Filter>
    </CustomBuild>
    <CustomBuild Include="pprev.ui">
      <Filter>Resource Files</Filter>
    </CustomBuild>
    <CustomBuild Include="fsetupui.h">
      <Filter>Header Files</Filter>
    </CustomBuild>
    <CustomBuild Include="poutwin.h">
      <Filter>Header Files</Filter>
    </CustomBuild>
  </ItemGroup>
</Project>
