<?xml version="1.0" encoding="utf-8"?>
<Project ToolsVersion="4.0" xmlns="http://schemas.microsoft.com/developer/msbuild/2003">
  <ItemGroup>
    <Filter Include="Source Files">
      <UniqueIdentifier>{4FC737F1-C7A5-4376-A066-2A32D752A2FF}</UniqueIdentifier>
      <Extensions>cpp;c;cc;cxx;def;odl;idl;hpj;bat;asm;asmx</Extensions>
    </Filter>
    <Filter Include="Header Files">
      <UniqueIdentifier>{93995380-89BD-4b04-88EB-625FBE52EBFB}</UniqueIdentifier>
      <Extensions>h;hh;hpp;hxx;hm;inl;inc;xsd</Extensions>
    </Filter>
    <Filter Include="Resource Files">
      <UniqueIdentifier>{67DA6AB6-F800-4c08-8B7A-83BB121AAD01}</UniqueIdentifier>
      <Extensions>rc;ico;cur;bmp;dlg;rc2;rct;bin;rgs;gif;jpg;jpeg;jpe;resx;tiff;tif;png;wav;mfcribbon-ms</Extensions>
    </Filter>
  </ItemGroup>
  <ItemGroup>
    <ClCompile Include="drawnwid.cpp">
      <Filter>Source Files</Filter>
    </ClCompile>
    <ClCompile Include="fpattrui.cpp">
      <Filter>Source Files</Filter>
    </ClCompile>
    <ClCompile Include="fpcnvui.cpp">
      <Filter>Source Files</Filter>
    </ClCompile>
    <ClCompile Include="fpdnd.cpp">
      <Filter>Source Files</Filter>
    </ClCompile>
    <ClCompile Include="fpedit.cpp">
      <Filter>Source Files</Filter>
    </ClCompile>
    <ClCompile Include="fpmain.cpp">
      <Filter>Source Files</Filter>
    </ClCompile>
    <ClCompile Include="fpmdich.cpp">
      <Filter>Source Files</Filter>
    </ClCompile>
    <ClCompile Include="fpmodel.cpp">
      <Filter>Source Files</Filter>
    </ClCompile>
    <ClCompile Include="fpnewui.cpp">
      <Filter>Source Files</Filter>
    </ClCompile>
    <ClCompile Include="fpoptman.cpp">
      <Filter>Source Files</Filter>
    </ClCompile>
    <ClCompile Include="fpoptui.cpp">
      <Filter>Source Files</Filter>
    </ClCompile>
    <ClCompile Include="fpwin.cpp">
      <Filter>Source Files</Filter>
    </ClCompile>
    <ClCompile Include="winmain.cpp">
      <Filter>Source Files</Filter>
    </ClCompile>
    <ClCompile Include="pch.cpp">
      <Filter>Source Files</Filter>
    </ClCompile>
    <ClCompile Include="qtfree.cpp">
      <Filter>Source Files</Filter>
    </ClCompile>
  </ItemGroup>
  <ItemGroup>
    <ClInclude Include="bdate.h">
      <Filter>Header Files</Filter>
    </ClInclude>
    <ClInclude Include="bdir.h">
      <Filter>Header Files</Filter>
    </ClInclude>
    <ClInclude Include="benv.h">
      <Filter>Header Files</Filter>
    </ClInclude>
    <ClInclude Include="bintervl.h">
      <Filter>Header Files</Filter>
    </ClInclude>
    <ClInclude Include="bmembuf.h">
      <Filter>Header Files</Filter>
    </ClInclude>
    <ClInclude Include="bprocess.h">
      <Filter>Header Files</Filter>
    </ClInclude>
    <ClInclude Include="brcfile.h">
      <Filter>Header Files</Filter>
    </ClInclude>
    <ClInclude Include="bregistr.h">
      <Filter>Header Files</Filter>
    </ClInclude>
    <ClInclude Include="cvtwchar.h">
      <Filter>Header Files</Filter>
    </ClInclude>
    <ClInclude Include="cistring.h">
      <Filter>Header Files</Filter>
    </ClInclude>
    <ClInclude Include="confignt.h">
      <Filter>Header Files</Filter>
    </ClInclude>
    <ClInclude Include="dircont.h">
      <Filter>Header Files</Filter>
    </ClInclude>
    <ClInclude Include="efilesiz.h">
      <Filter>Header Files</Filter>
    </ClInclude>
    <ClInclude Include="efiletim.h">
      <Filter>Header Files</Filter>
    </ClInclude>
    <ClInclude Include="fattrib.h">
      <Filter>Header Files</Filter>
    </ClInclude>
    <ClInclude Include="fcinfo.h">
      <Filter>Header Files</Filter>
    </ClInclude>
    <ClInclude Include="fcopyman.h">
      <Filter>Header Files</Filter>
    </ClInclude>
    <ClInclude Include="fdirent.h">
      <Filter>Header Files</Filter>
    </ClInclude>
    <ClInclude Include="ffilebuf.h">
      <Filter>Header Files</Filter>
    </ClInclude>
    <ClInclude Include="ffilecnt.h">
      <Filter>Header Files</Filter>
    </ClInclude>
    <ClInclude Include="filecntb.h">
      <Filter>Header Files</Filter>
    </ClInclude>
    <ClInclude Include="filecnts.h">
      <Filter>Header Files</Filter>
    </ClInclude>
    <ClInclude Include="filecont.h">
      <Filter>Header Files</Filter>
    </ClInclude>
    <ClInclude Include="flexemu.h">
      <Filter>Header Files</Filter>
    </ClInclude>
    <ClInclude Include="flexerr.h">
      <Filter>Header Files</Filter>
    </ClInclude>
    <ClInclude Include="fpattrui.h">
      <Filter>Header Files</Filter>
    </ClInclude>
    <ClInclude Include="idircnt.h">
      <Filter>Header Files</Filter>
    </ClInclude>
    <ClInclude Include="iffilcnt.h">
      <Filter>Header Files</Filter>
    </ClInclude>
    <ClInclude Include="ifilcnti.h">
      <Filter>Header Files</Filter>
    </ClInclude>
    <ClInclude Include="ifilecnt.h">
      <Filter>Header Files</Filter>
    </ClInclude>
    <ClInclude Include="memsrc.h">
      <Filter>Header Files</Filter>
    </ClInclude>
    <ClInclude Include="memtgt.h">
      <Filter>Header Files</Filter>
    </ClInclude>
    <ClInclude Include="misc1.h">
      <Filter>Header Files</Filter>
    </ClInclude>
    <ClInclude Include="rfilecnt.h">
      <Filter>Header Files</Filter>
    </ClInclude>
    <ClInclude Include="rndcheck.h">
      <Filter>Header Files</Filter>
    </ClInclude>
    <ClInclude Include="mdcrtape.h">
      <Filter>Header Files</Filter>
    </ClInclude>
    <ClInclude Include="warnoff.h">
      <Filter>Header Files</Filter>
    </ClInclude>
    <ClInclude Include="warnon.h">
      <Filter>Header Files</Filter>
    </ClInclude>
    <ClInclude Include="fpdnd.h">
      <Filter>Header Files</Filter>
    </ClInclude>
    <ClInclude Include="fpoptman.h">
      <Filter>Header Files</Filter>
    </ClInclude>
    <ClInclude Include="fpmodel.h">
      <Filter>Header Files</Filter>
    </ClInclude>
    <ClInclude Include="winmain.h">
      <Filter>Header Files</Filter>
    </ClInclude>
    <ClInclude Include="pch.h">
      <Filter>Header Files</Filter>
    </ClInclude>
    <ClInclude Include="propsui.h">
      <Filter>Header Files</Filter>
    </ClInclude>
    <ClInclude Include="sfpopts.h">
      <Filter>Header Files</Filter>
    </ClInclude>
    <ClInclude Include="qtfree.h">
      <Filter>Header Files</Filter>
    </ClInclude>
  </ItemGroup>
  <ItemGroup>
    <CustomBuild Include="drawnwid.h">
      <Filter>Header Files</Filter>
    </CustomBuild>
    <CustomBuild Include="fpmdich.h">
      <Filter>Header Files</Filter>
    </CustomBuild>
    <CustomBuild Include="fpwin.h">
      <Filter>Header Files</Filter>
    </CustomBuild>
    <CustomBuild Include="fpedit.h">
      <Filter>Header Files</Filter>
    </CustomBuild>
    <CustomBuild Include="fpnewui.h">
      <Filter>Header Files</Filter>
    </CustomBuild>
    <CustomBuild Include="fpoptui.h">
      <Filter>Header Files</Filter>
    </CustomBuild>
    <CustomBuild Include="fpmain.qrc">
      <Filter>Resource Files</Filter>
    </CustomBuild>
    <CustomBuild Include="fpnew.ui">
      <Filter>Resource Files</Filter>
    </CustomBuild>
    <CustomBuild Include="about.ui">
      <Filter>Resource Files</Filter>
    </CustomBuild>
    <CustomBuild Include="fpopt.ui">
      <Filter>Resource Files</Filter>
    </CustomBuild>
    <CustomBuild Include="fpcnv.ui">
      <Filter>Resource Files</Filter>
    </CustomBuild>
    <CustomBuild Include="fpcnvui.h">
      <Filter>Header Files</Filter>
    </CustomBuild>
  </ItemGroup>
  <ItemGroup>
    <Image Include="bitmaps\contain.ico">
      <Filter>Resource Files</Filter>
    </Image>
    <Image Include="bitmaps\flexdisk.ico">
      <Filter>Resource Files</Filter>
    </Image>
  </ItemGroup>
  <ItemGroup>
    <ResourceCompile Include="flexdisk.rc">
      <Filter>Resource Files</Filter>
    </ResourceCompile>
  </ItemGroup>
</Project>
