<?xml version="1.0" encoding="utf-8"?>
<Project ToolsVersion="4.0" xmlns="http://schemas.microsoft.com/developer/msbuild/2003">
  <ItemGroup>
    <Filter Include="Source Files">
      <UniqueIdentifier>{4FC737F1-C7A5-4376-A066-2A32D752A2FF}</UniqueIdentifier>
      <Extensions>cpp;c;cc;cxx;def;odl;idl;hpj;bat;asm;asmx</Extensions>
    </Filter>
    <Filter Include="Header Files">
      <UniqueIdentifier>{93995380-89BD-4b04-88EB-625FBE52EBFB}</UniqueIdentifier>
      <Extensions>h;hh;hpp;hxx;hm;inl;inc;xsd</Extensions>
    </Filter>
    <Filter Include="Resource Files">
      <UniqueIdentifier>{67DA6AB6-F800-4c08-8B7A-83BB121AAD01}</UniqueIdentifier>
      <Extensions>rc;ico;cur;bmp;dlg;rc2;rct;bin;rgs;gif;jpg;jpeg;jpe;resx;tiff;tif;png;wav;mfcribbon-ms</Extensions>
    </Filter>
  </ItemGroup>
  <ItemGroup>
    <ClCompile Include="bdate.cpp">
      <Filter>Source Files</Filter>
    </ClCompile>
    <ClCompile Include="bdir.cpp">
      <Filter>Source Files</Filter>
    </ClCompile>
    <ClCompile Include="bfileptr.cpp">
      <Filter>Source Files</Filter>
    </ClCompile>
    <ClCompile Include="bmembuf.cpp">
      <Filter>Source Files</Filter>
    </ClCompile>
    <ClCompile Include="bobservd.cpp">
      <Filter>Source Files</Filter>
    </ClCompile>
    <ClCompile Include="bprocess.cpp">
      <Filter>Source Files</Filter>
    </ClCompile>
    <ClCompile Include="bregistr.cpp">
      <Filter>Source Files</Filter>
    </ClCompile>
    <ClCompile Include="contpdlg.cpp">
      <Filter>Source Files</Filter>
    </ClCompile>
    <ClCompile Include="cvtwchar.cpp">
      <Filter>Source Files</Filter>
    </ClCompile>
    <ClCompile Include="dircont.cpp">
      <Filter>Source Files</Filter>
    </ClCompile>
    <ClCompile Include="fcinfo.cpp">
      <Filter>Source Files</Filter>
    </ClCompile>
    <ClCompile Include="fcopyman.cpp">
      <Filter>Source Files</Filter>
    </ClCompile>
    <ClCompile Include="fdcframe.cpp">
      <Filter>Source Files</Filter>
    </ClCompile>
    <ClCompile Include="fddnd.cpp">
      <Filter>Source Files</Filter>
    </ClCompile>
    <ClCompile Include="fdfdnd.cpp">
      <Filter>Source Files</Filter>
    </ClCompile>
    <ClCompile Include="fdirent.cpp">
      <Filter>Source Files</Filter>
    </ClCompile>
    <ClCompile Include="fdlist.cpp">
      <Filter>Source Files</Filter>
    </ClCompile>
    <ClCompile Include="fdpframe.cpp">
      <Filter>Source Files</Filter>
    </ClCompile>
    <ClCompile Include="ffilebuf.cpp">
      <Filter>Source Files</Filter>
    </ClCompile>
    <ClCompile Include="ffilecnt.cpp">
      <Filter>Source Files</Filter>
    </ClCompile>
    <ClCompile Include="filecnts.cpp">
      <Filter>Source Files</Filter>
    </ClCompile>
    <ClCompile Include="flexdisk.cpp">
      <Filter>Source Files</Filter>
    </ClCompile>
    <ClCompile Include="flexerr.cpp">
      <Filter>Source Files</Filter>
    </ClCompile>
    <ClCompile Include="fmenufac.cpp">
      <Filter>Source Files</Filter>
    </ClCompile>
    <ClCompile Include="idircnt.cpp">
      <Filter>Source Files</Filter>
    </ClCompile>
    <ClCompile Include="iffilcnt.cpp">
      <Filter>Source Files</Filter>
    </ClCompile>
    <ClCompile Include="ifilecnt.cpp">
      <Filter>Source Files</Filter>
    </ClCompile>
    <ClCompile Include="misc1.cpp">
      <Filter>Source Files</Filter>
    </ClCompile>
    <ClCompile Include="ndircont.cpp">
      <Filter>Source Files</Filter>
    </ClCompile>
    <ClCompile Include="optdlg.cpp">
      <Filter>Source Files</Filter>
    </ClCompile>
    <ClCompile Include="rfilecnt.cpp">
      <Filter>Source Files</Filter>
    </ClCompile>
    <ClCompile Include="mdcrtape.cpp">
      <Filter>Source Files</Filter>
    </ClCompile>
  </ItemGroup>
  <ItemGroup>
    <Image Include="bitmaps\contain.ico">
      <Filter>Resource Files</Filter>
    </Image>
    <Image Include="bitmaps\copy.bmp">
      <Filter>Resource Files</Filter>
    </Image>
    <Image Include="bitmaps\flexdisk.ico">
      <Filter>Resource Files</Filter>
    </Image>
    <Image Include="bitmaps\open_con.bmp">
      <Filter>Resource Files</Filter>
    </Image>
    <Image Include="bitmaps\open_dir.bmp">
      <Filter>Resource Files</Filter>
    </Image>
    <Image Include="bitmaps\paste.bmp">
      <Filter>Resource Files</Filter>
    </Image>
  </ItemGroup>
  <ItemGroup>
    <ResourceCompile Include="flexdisk.rc">
      <Filter>Resource Files</Filter>
    </ResourceCompile>
  </ItemGroup>
  <ItemGroup>
    <ClInclude Include="bdate.h">
      <Filter>Header Files</Filter>
    </ClInclude>
    <ClInclude Include="bdir.h">
      <Filter>Header Files</Filter>
    </ClInclude>
    <ClInclude Include="bfileptr.h">
      <Filter>Header Files</Filter>
    </ClInclude>
    <ClInclude Include="bintervl.h">
      <Filter>Header Files</Filter>
    </ClInclude>
    <ClInclude Include="bmembuf.h">
      <Filter>Header Files</Filter>
    </ClInclude>
    <ClInclude Include="bobserv.h">
      <Filter>Header Files</Filter>
    </ClInclude>
    <ClInclude Include="bobservd.h">
      <Filter>Header Files</Filter>
    </ClInclude>
    <ClInclude Include="bobshelp.h">
      <Filter>Header Files</Filter>
    </ClInclude>
    <ClInclude Include="bprocess.h">
      <Filter>Header Files</Filter>
    </ClInclude>
    <ClInclude Include="bregistr.h">
      <Filter>Header Files</Filter>
    </ClInclude>
    <ClInclude Include="contpdlg.h">
      <Filter>Header Files</Filter>
    </ClInclude>
    <ClInclude Include="cvtwchar.h">
      <Filter>Header Files</Filter>
    </ClInclude>
    <ClInclude Include="dircont.h">
      <Filter>Header Files</Filter>
    </ClInclude>
    <ClInclude Include="fcinfo.h">
      <Filter>Header Files</Filter>
    </ClInclude>
    <ClInclude Include="fcopyman.h">
      <Filter>Header Files</Filter>
    </ClInclude>
    <ClInclude Include="fdcframe.h">
      <Filter>Header Files</Filter>
    </ClInclude>
    <ClInclude Include="fddnd.h">
      <Filter>Header Files</Filter>
    </ClInclude>
    <ClInclude Include="fdfdnd.h">
      <Filter>Header Files</Filter>
    </ClInclude>
    <ClInclude Include="fdirent.h">
      <Filter>Header Files</Filter>
    </ClInclude>
    <ClInclude Include="fdlist.h">
      <Filter>Header Files</Filter>
    </ClInclude>
    <ClInclude Include="fdpframe.h">
      <Filter>Header Files</Filter>
    </ClInclude>
    <ClInclude Include="ffilebuf.h">
      <Filter>Header Files</Filter>
    </ClInclude>
    <ClInclude Include="ffilecnt.h">
      <Filter>Header Files</Filter>
    </ClInclude>
    <ClInclude Include="flexdisk.h">
      <Filter>Header Files</Filter>
    </ClInclude>
    <ClInclude Include="flexerr.h">
      <Filter>Header Files</Filter>
    </ClInclude>
    <ClInclude Include="fmenufac.h">
      <Filter>Header Files</Filter>
    </ClInclude>
    <ClInclude Include="idircnt.h">
      <Filter>Header Files</Filter>
    </ClInclude>
    <ClInclude Include="iffilcnt.h">
      <Filter>Header Files</Filter>
    </ClInclude>
    <ClInclude Include="ifilecnt.h">
      <Filter>Header Files</Filter>
    </ClInclude>
    <ClInclude Include="misc1.h">
      <Filter>Header Files</Filter>
    </ClInclude>
    <ClInclude Include="ndircont.h">
      <Filter>Header Files</Filter>
    </ClInclude>
    <ClInclude Include="optdlg.h">
      <Filter>Header Files</Filter>
    </ClInclude>
    <ClInclude Include="rfilecnt.h">
      <Filter>Header Files</Filter>
    </ClInclude>
    <ClInclude Include="sprinter.h">
      <Filter>Header Files</Filter>
    </ClInclude>
    <ClInclude Include="mdcrtape.h">
      <Filter>Header Files</Filter>
    </ClInclude>
    <ClInclude Include="warnoff.h">
      <Filter>Header Files</Filter>
    </ClInclude>
    <ClInclude Include="warnon.h">
      <Filter>Header Files</Filter>
    </ClInclude>
  </ItemGroup>
</Project>
