<?xml version="1.0" encoding="utf-8"?>
<Project ToolsVersion="4.0" xmlns="http://schemas.microsoft.com/developer/msbuild/2003">
  <ItemGroup>
    <Filter Include="Quelldateien">
      <UniqueIdentifier>{4FC737F1-C7A5-4376-A066-2A32D752A2FF}</UniqueIdentifier>
      <Extensions>cpp;c;cc;cxx;def;odl;idl;hpj;bat;asm;asmx</Extensions>
    </Filter>
    <Filter Include="Headerdateien">
      <UniqueIdentifier>{93995380-89BD-4b04-88EB-625FBE52EBFB}</UniqueIdentifier>
      <Extensions>h;hh;hpp;hxx;hm;inl;inc;xsd</Extensions>
    </Filter>
    <Filter Include="Ressourcendateien">
      <UniqueIdentifier>{67DA6AB6-F800-4c08-8B7A-83BB121AAD01}</UniqueIdentifier>
      <Extensions>rc;ico;cur;bmp;dlg;rc2;rct;bin;rgs;gif;jpg;jpeg;jpe;resx;tiff;tif;png;wav;mfcribbon-ms</Extensions>
    </Filter>
  </ItemGroup>
  <ItemGroup>
    <ClInclude Include="bfileptr.h">
      <Filter>Headerdateien</Filter>
    </ClInclude>
    <ClInclude Include="bregistr.h">
      <Filter>Headerdateien</Filter>
    </ClInclude>
    <ClInclude Include="confignt.h">
      <Filter>Headerdateien</Filter>
    </ClInclude>
    <ClInclude Include="iodevice.h">
      <Filter>Headerdateien</Filter>
    </ClInclude>
    <ClInclude Include="misc1.h">
      <Filter>Headerdateien</Filter>
    </ClInclude>
    <ClInclude Include="typedefs.h">
      <Filter>Headerdateien</Filter>
    </ClInclude>
    <ClInclude Include="cvtwchar.h">
      <Filter>Headerdateien</Filter>
    </ClInclude>
    <ClInclude Include="foptman.h">
      <Filter>Headerdateien</Filter>
    </ClInclude>
    <ClInclude Include="flexerr.h">
      <Filter>Headerdateien</Filter>
    </ClInclude>
    <ClInclude Include="fsetpdlg.h">
      <Filter>Headerdateien</Filter>
    </ClInclude>
    <ClInclude Include="fsetup.h">
      <Filter>Headerdateien</Filter>
    </ClInclude>
  </ItemGroup>
  <ItemGroup>
    <ClCompile Include="bfileptr.cpp">
      <Filter>Quelldateien</Filter>
    </ClCompile>
    <ClCompile Include="bregistr.cpp">
      <Filter>Quelldateien</Filter>
    </ClCompile>
    <ClCompile Include="cvtwchar.cpp">
      <Filter>Quelldateien</Filter>
    </ClCompile>
    <ClCompile Include="flexerr.cpp">
      <Filter>Quelldateien</Filter>
    </ClCompile>
    <ClCompile Include="foptman.cpp">
      <Filter>Quelldateien</Filter>
    </ClCompile>
    <ClCompile Include="fsetpdlg.cpp">
      <Filter>Quelldateien</Filter>
    </ClCompile>
    <ClCompile Include="fsetup.cpp">
      <Filter>Quelldateien</Filter>
    </ClCompile>
    <ClCompile Include="misc1.cpp">
      <Filter>Quelldateien</Filter>
    </ClCompile>
  </ItemGroup>
  <ItemGroup>
    <Image Include="bitmaps\fsetup.ico">
      <Filter>Ressourcendateien</Filter>
    </Image>
  </ItemGroup>
  <ItemGroup>
    <ResourceCompile Include="fsetup.rc">
      <Filter>Ressourcendateien</Filter>
    </ResourceCompile>
  </ItemGroup>
</Project>