<?xml version="1.0" encoding="utf-8"?>
<Project ToolsVersion="4.0" xmlns="http://schemas.microsoft.com/developer/msbuild/2003">
  <ItemGroup>
    <Filter Include="Source Files">
      <UniqueIdentifier>{4FC737F1-C7A5-4376-A066-2A32D752A2FF}</UniqueIdentifier>
      <Extensions>cpp;c;cc;cxx;def;odl;idl;hpj;bat;asm;asmx</Extensions>
    </Filter>
    <Filter Include="Header Files">
      <UniqueIdentifier>{93995380-89BD-4b04-88EB-625FBE52EBFB}</UniqueIdentifier>
      <Extensions>h;hh;hpp;hxx;hm;inl;inc;xsd</Extensions>
    </Filter>
    <Filter Include="Resource Files">
      <UniqueIdentifier>{67DA6AB6-F800-4c08-8B7A-83BB121AAD01}</UniqueIdentifier>
      <Extensions>rc;ico;cur;bmp;dlg;rc2;rct;bin;rgs;gif;jpg;jpeg;jpe;resx;tiff;tif;png;wav;mfcribbon-ms</Extensions>
    </Filter>
  </ItemGroup>
  <ItemGroup>
    <ClInclude Include="benv.h">
      <Filter>Header Files</Filter>
    </ClInclude>
    <ClInclude Include="bfileptr.h">
      <Filter>Header Files</Filter>
    </ClInclude>
    <ClInclude Include="brcfile.h">
      <Filter>Header Files</Filter>
    </ClInclude>
    <ClInclude Include="bregistr.h">
      <Filter>Header Files</Filter>
    </ClInclude>
    <ClInclude Include="confignt.h">
      <Filter>Header Files</Filter>
    </ClInclude>
    <ClInclude Include="e2.h">
      <Filter>Header Files</Filter>
    </ClInclude>
    <ClInclude Include="flexemu.h">
      <Filter>Header Files</Filter>
    </ClInclude>
    <ClInclude Include="misc1.h">
      <Filter>Header Files</Filter>
    </ClInclude>
    <ClInclude Include="typedefs.h">
      <Filter>Header Files</Filter>
    </ClInclude>
    <ClInclude Include="cvtwchar.h">
      <Filter>Header Files</Filter>
    </ClInclude>
    <ClInclude Include="foptman.h">
      <Filter>Header Files</Filter>
    </ClInclude>
    <ClInclude Include="flexerr.h">
      <Filter>Header Files</Filter>
    </ClInclude>
    <ClInclude Include="fsetup.h">
      <Filter>Header Files</Filter>
    </ClInclude>
    <ClInclude Include="sguiopts.h">
      <Filter>Header Files</Filter>
    </ClInclude>
    <ClInclude Include="warnoff.h">
      <Filter>Header Files</Filter>
    </ClInclude>
    <ClInclude Include="warnon.h">
      <Filter>Header Files</Filter>
    </ClInclude>
    <ClInclude Include="winmain.h">
      <Filter>Header Files</Filter>
    </ClInclude>
  </ItemGroup>
  <ItemGroup>
    <ClCompile Include="bfileptr.cpp">
      <Filter>Source Files</Filter>
    </ClCompile>
    <ClCompile Include="bregistr.cpp">
      <Filter>Source Files</Filter>
    </ClCompile>
    <ClCompile Include="colors.cpp">
      <Filter>Source Files</Filter>
    </ClCompile>
    <ClCompile Include="cvtwchar.cpp">
      <Filter>Source Files</Filter>
    </ClCompile>
    <ClCompile Include="flexerr.cpp">
      <Filter>Source Files</Filter>
    </ClCompile>
    <ClCompile Include="foptman.cpp">
      <Filter>Source Files</Filter>
    </ClCompile>
    <ClCompile Include="fsetup.cpp">
      <Filter>Source Files</Filter>
    </ClCompile>
    <ClCompile Include="fsetupui.cpp">
      <Filter>Source Files</Filter>
    </ClCompile>
    <ClCompile Include="misc1.cpp">
      <Filter>Source Files</Filter>
    </ClCompile>
    <ClCompile Include="winmain.cpp">
      <Filter>Source Files</Filter>
    </ClCompile>
  </ItemGroup>
  <ItemGroup>
    <Image Include="bitmaps\fsetup.ico">
      <Filter>Resource Files</Filter>
    </Image>
  </ItemGroup>
  <ItemGroup>
    <CustomBuild Include="fsetupui.h">
      <Filter>Header Files</Filter>
    </CustomBuild>
    <CustomBuild Include="fsetup.qrc">
      <Filter>Resource Files</Filter>
    </CustomBuild>
    <CustomBuild Include="fsetup.ui">
      <Filter>Resource Files</Filter>
    </CustomBuild>
  </ItemGroup>
  <ItemGroup>
    <ResourceCompile Include="fsetup.rc">
      <Filter>Resource Files</Filter>
    </ResourceCompile>
  </ItemGroup>
</Project>
